
Microsoft Visual Studio Solution File, Format Version 12.00
# Visual Studio Version 17
VisualStudioVersion = 17.6.33723.286
MinimumVisualStudioVersion = 10.0.40219.1
Project("{8BC9CEB8-8B4A-11D0-8D11-00A0C91BC942}") = "DemoApp", "DemoApp\DemoApp.vcxproj", "{212EA8F8-533C-4693-B6A2-A33559FDCF14}"
EndProject
Project("{8BC9CEB8-8B4A-11D0-8D11-00A0C91BC942}") = "BasicD2D", "BasicD2D\BasicD2D.vcxproj", "{787DF8C4-47C6-42AB-85D6-1220F83ECFD6}"
EndProject
Project("{8BC9CEB8-8B4A-11D0-8D11-00A0C91BC942}") = "D2DRenderer", "D2DRenderer\D2DRenderer.vcxproj", "{1E2ACC6C-71D8-4C0D-B2D3-06C2BC7B3E2D}"
EndProject
Global
	GlobalSection(SolutionConfigurationPlatforms) = preSolution
		Debug|x64 = Debug|x64
		Debug|x86 = Debug|x86
		Release|x64 = Release|x64
		Release|x86 = Release|x86
	EndGlobalSection
	GlobalSection(ProjectConfigurationPlatforms) = postSolution
		{212EA8F8-533C-4693-B6A2-A33559FDCF14}.Debug|x64.ActiveCfg = Debug|x64
		{212EA8F8-533C-4693-B6A2-A33559FDCF14}.Debug|x64.Build.0 = Debug|x64
		{212EA8F8-533C-4693-B6A2-A33559FDCF14}.Debug|x86.ActiveCfg = Debug|Win32
		{212EA8F8-533C-4693-B6A2-A33559FDCF14}.Debug|x86.Build.0 = Debug|Win32
		{212EA8F8-533C-4693-B6A2-A33559FDCF14}.Release|x64.ActiveCfg = Release|x64
		{212EA8F8-533C-4693-B6A2-A33559FDCF14}.Release|x64.Build.0 = Release|x64
		{212EA8F8-533C-4693-B6A2-A33559FDCF14}.Release|x86.ActiveCfg = Release|Win32
		{212EA8F8-533C-4693-B6A2-A33559FDCF14}.Release|x86.Build.0 = Release|Win32
		{787DF8C4-47C6-42AB-85D6-1220F83ECFD6}.Debug|x64.ActiveCfg = Debug|x64
		{787DF8C4-47C6-42AB-85D6-1220F83ECFD6}.Debug|x64.Build.0 = Debug|x64
		{787DF8C4-47C6-42AB-85D6-1220F83ECFD6}.Debug|x86.ActiveCfg = Debug|Win32
		{787DF8C4-47C6-42AB-85D6-1220F83ECFD6}.Debug|x86.Build.0 = Debug|Win32
		{787DF8C4-47C6-42AB-85D6-1220F83ECFD6}.Release|x64.ActiveCfg = Release|x64
		{787DF8C4-47C6-42AB-85D6-1220F83ECFD6}.Release|x64.Build.0 = Release|x64
		{787DF8C4-47C6-42AB-85D6-1220F83ECFD6}.Release|x86.ActiveCfg = Release|Win32
		{787DF8C4-47C6-42AB-85D6-1220F83ECFD6}.Release|x86.Build.0 = Release|Win32
		{1E2ACC6C-71D8-4C0D-B2D3-06C2BC7B3E2D}.Debug|x64.ActiveCfg = Debug|x64
		{1E2ACC6C-71D8-4C0D-B2D3-06C2BC7B3E2D}.Debug|x64.Build.0 = Debug|x64
		{1E2ACC6C-71D8-4C0D-B2D3-06C2BC7B3E2D}.Debug|x86.ActiveCfg = Debug|Win32
		{1E2ACC6C-71D8-4C0D-B2D3-06C2BC7B3E2D}.Debug|x86.Build.0 = Debug|Win32
		{1E2ACC6C-71D8-4C0D-B2D3-06C2BC7B3E2D}.Release|x64.ActiveCfg = Release|x64
		{1E2ACC6C-71D8-4C0D-B2D3-06C2BC7B3E2D}.Release|x64.Build.0 = Release|x64
		{1E2ACC6C-71D8-4C0D-B2D3-06C2BC7B3E2D}.Release|x86.ActiveCfg = Release|Win32
		{1E2ACC6C-71D8-4C0D-B2D3-06C2BC7B3E2D}.Release|x86.Build.0 = Release|Win32
	EndGlobalSection
	GlobalSection(SolutionProperties) = preSolution
		HideSolutionNode = FALSE
	EndGlobalSection
	GlobalSection(ExtensibilityGlobals) = postSolution
		SolutionGuid = {212FD8EE-4575-4626-9636-44FA0B4C8CD2}
	EndGlobalSection
EndGlobal
